// !$*UTF8*$!
{
	archiveVersion = 1;
	classes = {
	};
	objectVersion = 56;
	objects = {

/* Begin PBXBuildFile section */
		803FC3A429FEA9BC00BE53E0 /* Learn_SwiftUi_12_H4XOR_NewsApp.swift in Sources */ = {isa = PBXBuildFile; fileRef = 803FC3A329FEA9BC00BE53E0 /* Learn_SwiftUi_12_H4XOR_NewsApp.swift */; };
		803FC3A629FEA9BC00BE53E0 /* ContentView.swift in Sources */ = {isa = PBXBuildFile; fileRef = 803FC3A529FEA9BC00BE53E0 /* ContentView.swift */; };
		803FC3A829FEA9BF00BE53E0 /* Assets.xcassets in Resources */ = {isa = PBXBuildFile; fileRef = 803FC3A729FEA9BF00BE53E0 /* Assets.xcassets */; };
		803FC3AB29FEA9BF00BE53E0 /* Preview Assets.xcassets in Resources */ = {isa = PBXBuildFile; fileRef = 803FC3AA29FEA9BF00BE53E0 /* Preview Assets.xcassets */; };
		803FC3B329FEB5D600BE53E0 /* PostData.swift in Sources */ = {isa = PBXBuildFile; fileRef = 803FC3B229FEB5D600BE53E0 /* PostData.swift */; };
		803FC3B529FEB6D800BE53E0 /* NetworkManager.swift in Sources */ = {isa = PBXBuildFile; fileRef = 803FC3B429FEB6D800BE53E0 /* NetworkManager.swift */; };
		807D52292A0E3D2C008EDE07 /* DetailView.swift in Sources */ = {isa = PBXBuildFile; fileRef = 807D52282A0E3D2C008EDE07 /* DetailView.swift */; };
		807D522B2A0E4142008EDE07 /* WebView.swift in Sources */ = {isa = PBXBuildFile; fileRef = 807D522A2A0E4142008EDE07 /* WebView.swift */; };
/* End PBXBuildFile section */

/* Begin PBXFileReference section */
		803FC3A029FEA9BC00BE53E0 /* Learn-SwiftUi-12-H4XOR-News.app */ = {isa = PBXFileReference; explicitFileType = wrapper.application; includeInIndex = 0; path = "Learn-SwiftUi-12-H4XOR-News.app"; sourceTree = BUILT_PRODUCTS_DIR; };
		803FC3A329FEA9BC00BE53E0 /* Learn_SwiftUi_12_H4XOR_NewsApp.swift */ = {isa = PBXFileReference; lastKnownFileType = sourcecode.swift; path = Learn_SwiftUi_12_H4XOR_NewsApp.swift; sourceTree = "<group>"; };
		803FC3A529FEA9BC00BE53E0 /* ContentView.swift */ = {isa = PBXFileReference; lastKnownFileType = sourcecode.swift; path = ContentView.swift; sourceTree = "<group>"; };
		803FC3A729FEA9BF00BE53E0 /* Assets.xcassets */ = {isa = PBXFileReference; lastKnownFileType = folder.assetcatalog; path = Assets.xcassets; sourceTree = "<group>"; };
		803FC3AA29FEA9BF00BE53E0 /* Preview Assets.xcassets */ = {isa = PBXFileReference; lastKnownFileType = folder.assetcatalog; path = "Preview Assets.xcassets"; sourceTree = "<group>"; };
		803FC3B229FEB5D600BE53E0 /* PostData.swift */ = {isa = PBXFileReference; lastKnownFileType = sourcecode.swift; path = PostData.swift; sourceTree = "<group>"; };
		803FC3B429FEB6D800BE53E0 /* NetworkManager.swift */ = {isa = PBXFileReference; lastKnownFileType = sourcecode.swift; path = NetworkManager.swift; sourceTree = "<group>"; };
		807D52282A0E3D2C008EDE07 /* DetailView.swift */ = {isa = PBXFileReference; lastKnownFileType = sourcecode.swift; path = DetailView.swift; sourceTree = "<group>"; };
		807D522A2A0E4142008EDE07 /* WebView.swift */ = {isa = PBXFileReference; lastKnownFileType = sourcecode.swift; path = WebView.swift; sourceTree = "<group>"; };
/* End PBXFileReference section */

/* Begin PBXFrameworksBuildPhase section */
		803FC39D29FEA9BC00BE53E0 /* Frameworks */ = {
			isa = PBXFrameworksBuildPhase;
			buildActionMask = 2147483647;
			files = (
			);
			runOnlyForDeploymentPostprocessing = 0;
		};
/* End PBXFrameworksBuildPhase section */

/* Begin PBXGroup section */
		803FC39729FEA9BC00BE53E0 = {
			isa = PBXGroup;
			children = (
				803FC3A229FEA9BC00BE53E0 /* Learn-SwiftUi-12-H4XOR-News */,
				803FC3A129FEA9BC00BE53E0 /* Products */,
			);
			sourceTree = "<group>";
		};
		803FC3A129FEA9BC00BE53E0 /* Products */ = {
			isa = PBXGroup;
			children = (
				803FC3A029FEA9BC00BE53E0 /* Learn-SwiftUi-12-H4XOR-News.app */,
			);
			name = Products;
			sourceTree = "<group>";
		};
		803FC3A229FEA9BC00BE53E0 /* Learn-SwiftUi-12-H4XOR-News */ = {
			isa = PBXGroup;
			children = (
				803FC3B129FEB59000BE53E0 /* Models */,
				803FC3A329FEA9BC00BE53E0 /* Learn_SwiftUi_12_H4XOR_NewsApp.swift */,
				807D52252A0E3CE5008EDE07 /* Views */,
				803FC3A729FEA9BF00BE53E0 /* Assets.xcassets */,
				803FC3A929FEA9BF00BE53E0 /* Preview Content */,
			);
			path = "Learn-SwiftUi-12-H4XOR-News";
			sourceTree = "<group>";
		};
		803FC3A929FEA9BF00BE53E0 /* Preview Content */ = {
			isa = PBXGroup;
			children = (
				803FC3AA29FEA9BF00BE53E0 /* Preview Assets.xcassets */,
			);
			path = "Preview Content";
			sourceTree = "<group>";
		};
		803FC3B129FEB59000BE53E0 /* Models */ = {
			isa = PBXGroup;
			children = (
				803FC3B229FEB5D600BE53E0 /* PostData.swift */,
				803FC3B429FEB6D800BE53E0 /* NetworkManager.swift */,
			);
			path = Models;
			sourceTree = "<group>";
		};
		807D52252A0E3CE5008EDE07 /* Views */ = {
			isa = PBXGroup;
			children = (
				803FC3A529FEA9BC00BE53E0 /* ContentView.swift */,
				807D52282A0E3D2C008EDE07 /* DetailView.swift */,
				807D522A2A0E4142008EDE07 /* WebView.swift */,
			);
			path = Views;
			sourceTree = "<group>";
		};
/* End PBXGroup section */

/* Begin PBXNativeTarget section */
		803FC39F29FEA9BC00BE53E0 /* Learn-SwiftUi-12-H4XOR-News */ = {
			isa = PBXNativeTarget;
			buildConfigurationList = 803FC3AE29FEA9BF00BE53E0 /* Build configuration list for PBXNativeTarget "Learn-SwiftUi-12-H4XOR-News" */;
			buildPhases = (
				803FC39C29FEA9BC00BE53E0 /* Sources */,
				803FC39D29FEA9BC00BE53E0 /* Frameworks */,
				803FC39E29FEA9BC00BE53E0 /* Resources */,
			);
			buildRules = (
			);
			dependencies = (
			);
			name = "Learn-SwiftUi-12-H4XOR-News";
			productName = "Learn-SwiftUi-12-H4XOR-News";
			productReference = 803FC3A029FEA9BC00BE53E0 /* Learn-SwiftUi-12-H4XOR-News.app */;
			productType = "com.apple.product-type.application";
		};
/* End PBXNativeTarget section */

/* Begin PBXProject section */
		803FC39829FEA9BC00BE53E0 /* Project object */ = {
			isa = PBXProject;
			attributes = {
				BuildIndependentTargetsInParallel = 1;
				LastSwiftUpdateCheck = 1420;
				LastUpgradeCheck = 1420;
				TargetAttributes = {
					803FC39F29FEA9BC00BE53E0 = {
						CreatedOnToolsVersion = 14.2;
					};
				};
			};
			buildConfigurationList = 803FC39B29FEA9BC00BE53E0 /* Build configuration list for PBXProject "Learn-SwiftUi-12-H4XOR-News" */;
			compatibilityVersion = "Xcode 14.0";
			developmentRegion = en;
			hasScannedForEncodings = 0;
			knownRegions = (
				en,
				Base,
			);
			mainGroup = 803FC39729FEA9BC00BE53E0;
			productRefGroup = 803FC3A129FEA9BC00BE53E0 /* Products */;
			projectDirPath = "";
			projectRoot = "";
			targets = (
				803FC39F29FEA9BC00BE53E0 /* Learn-SwiftUi-12-H4XOR-News */,
			);
		};
/* End PBXProject section */

/* Begin PBXResourcesBuildPhase section */
		803FC39E29FEA9BC00BE53E0 /* Resources */ = {
			isa = PBXResourcesBuildPhase;
			buildActionMask = 2147483647;
			files = (
				803FC3AB29FEA9BF00BE53E0 /* Preview Assets.xcassets in Resources */,
				803FC3A829FEA9BF00BE53E0 /* Assets.xcassets in Resources */,
			);
			runOnlyForDeploymentPostprocessing = 0;
		};
/* End PBXResourcesBuildPhase section */

/* Begin PBXSourcesBuildPhase section */
		803FC39C29FEA9BC00BE53E0 /* Sources */ = {
			isa = PBXSourcesBuildPhase;
			buildActionMask = 2147483647;
			files = (
				803FC3B529FEB6D800BE53E0 /* NetworkManager.swift in Sources */,
				803FC3A629FEA9BC00BE53E0 /* ContentView.swift in Sources */,
				803FC3B329FEB5D600BE53E0 /* PostData.swift in Sources */,
				807D522B2A0E4142008EDE07 /* WebView.swift in Sources */,
				807D52292A0E3D2C008EDE07 /* DetailView.swift in Sources */,
				803FC3A429FEA9BC00BE53E0 /* Learn_SwiftUi_12_H4XOR_NewsApp.swift in Sources */,
			);
			runOnlyForDeploymentPostprocessing = 0;
		};
/* End PBXSourcesBuildPhase section */

/* Begin XCBuildConfiguration section */
		803FC3AC29FEA9BF00BE53E0 /* Debug */ = {
			isa = XCBuildConfiguration;
			buildSettings = {
				ALWAYS_SEARCH_USER_PATHS = NO;
				CLANG_ANALYZER_NONNULL = YES;
				CLANG_ANALYZER_NUMBER_OBJECT_CONVERSION = YES_AGGRESSIVE;
				CLANG_CXX_LANGUAGE_STANDARD = "gnu++20";
				CLANG_ENABLE_MODULES = YES;
				CLANG_ENABLE_OBJC_ARC = YES;
				CLANG_ENABLE_OBJC_WEAK = YES;
				CLANG_WARN_BLOCK_CAPTURE_AUTORELEASING = YES;
				CLANG_WARN_BOOL_CONVERSION = YES;
				CLANG_WARN_COMMA = YES;
				CLANG_WARN_CONSTANT_CONVERSION = YES;
				CLANG_WARN_DEPRECATED_OBJC_IMPLEMENTATIONS = YES;
				CLANG_WARN_DIRECT_OBJC_ISA_USAGE = YES_ERROR;
				CLANG_WARN_DOCUMENTATION_COMMENTS = YES;
				CLANG_WARN_EMPTY_BODY = YES;
				CLANG_WARN_ENUM_CONVERSION = YES;
				CLANG_WARN_INFINITE_RECURSION = YES;
				CLANG_WARN_INT_CONVERSION = YES;
				CLANG_WARN_NON_LITERAL_NULL_CONVERSION = YES;
				CLANG_WARN_OBJC_IMPLICIT_RETAIN_SELF = YES;
				CLANG_WARN_OBJC_LITERAL_CONVERSION = YES;
				CLANG_WARN_OBJC_ROOT_CLASS = YES_ERROR;
				CLANG_WARN_QUOTED_INCLUDE_IN_FRAMEWORK_HEADER = YES;
				CLANG_WARN_RANGE_LOOP_ANALYSIS = YES;
				CLANG_WARN_STRICT_PROTOTYPES = YES;
				CLANG_WARN_SUSPICIOUS_MOVE = YES;
				CLANG_WARN_UNGUARDED_AVAILABILITY = YES_AGGRESSIVE;
				CLANG_WARN_UNREACHABLE_CODE = YES;
				CLANG_WARN__DUPLICATE_METHOD_MATCH = YES;
				COPY_PHASE_STRIP = NO;
				DEBUG_INFORMATION_FORMAT = dwarf;
				ENABLE_STRICT_OBJC_MSGSEND = YES;
				ENABLE_TESTABILITY = YES;
				GCC_C_LANGUAGE_STANDARD = gnu11;
				GCC_DYNAMIC_NO_PIC = NO;
				GCC_NO_COMMON_BLOCKS = YES;
				GCC_OPTIMIZATION_LEVEL = 0;
				GCC_PREPROCESSOR_DEFINITIONS = (
					"DEBUG=1",
					"$(inherited)",
				);
				GCC_WARN_64_TO_32_BIT_CONVERSION = YES;
				GCC_WARN_ABOUT_RETURN_TYPE = YES_ERROR;
				GCC_WARN_UNDECLARED_SELECTOR = YES;
				GCC_WARN_UNINITIALIZED_AUTOS = YES_AGGRESSIVE;
				GCC_WARN_UNUSED_FUNCTION = YES;
				GCC_WARN_UNUSED_VARIABLE = YES;
				IPHONEOS_DEPLOYMENT_TARGET = 16.2;
				MTL_ENABLE_DEBUG_INFO = INCLUDE_SOURCE;
				MTL_FAST_MATH = YES;
				ONLY_ACTIVE_ARCH = YES;
				SDKROOT = iphoneos;
				SWIFT_ACTIVE_COMPILATION_CONDITIONS = DEBUG;
				SWIFT_OPTIMIZATION_LEVEL = "-Onone";
			};
			name = Debug;
		};
		803FC3AD29FEA9BF00BE53E0 /* Release */ = {
			isa = XCBuildConfiguration;
			buildSettings = {
				ALWAYS_SEARCH_USER_PATHS = NO;
				CLANG_ANALYZER_NONNULL = YES;
				CLANG_ANALYZER_NUMBER_OBJECT_CONVERSION = YES_AGGRESSIVE;
				CLANG_CXX_LANGUAGE_STANDARD = "gnu++20";
				CLANG_ENABLE_MODULES = YES;
				CLANG_ENABLE_OBJC_ARC = YES;
				CLANG_ENABLE_OBJC_WEAK = YES;
				CLANG_WARN_BLOCK_CAPTURE_AUTORELEASING = YES;
				CLANG_WARN_BOOL_CONVERSION = YES;
				CLANG_WARN_COMMA = YES;
				CLANG_WARN_CONSTANT_CONVERSION = YES;
				CLANG_WARN_DEPRECATED_OBJC_IMPLEMENTATIONS = YES;
				CLANG_WARN_DIRECT_OBJC_ISA_USAGE = YES_ERROR;
				CLANG_WARN_DOCUMENTATION_COMMENTS = YES;
				CLANG_WARN_EMPTY_BODY = YES;
				CLANG_WARN_ENUM_CONVERSION = YES;
				CLANG_WARN_INFINITE_RECURSION = YES;
				CLANG_WARN_INT_CONVERSION = YES;
				CLANG_WARN_NON_LITERAL_NULL_CONVERSION = YES;
				CLANG_WARN_OBJC_IMPLICIT_RETAIN_SELF = YES;
				CLANG_WARN_OBJC_LITERAL_CONVERSION = YES;
				CLANG_WARN_OBJC_ROOT_CLASS = YES_ERROR;
				CLANG_WARN_QUOTED_INCLUDE_IN_FRAMEWORK_HEADER = YES;
				CLANG_WARN_RANGE_LOOP_ANALYSIS = YES;
				CLANG_WARN_STRICT_PROTOTYPES = YES;
				CLANG_WARN_SUSPICIOUS_MOVE = YES;
				CLANG_WARN_UNGUARDED_AVAILABILITY = YES_AGGRESSIVE;
				CLANG_WARN_UNREACHABLE_CODE = YES;
				CLANG_WARN__DUPLICATE_METHOD_MATCH = YES;
				COPY_PHASE_STRIP = NO;
				DEBUG_INFORMATION_FORMAT = "dwarf-with-dsym";
				ENABLE_NS_ASSERTIONS = NO;
				ENABLE_STRICT_OBJC_MSGSEND = YES;
				GCC_C_LANGUAGE_STANDARD = gnu11;
				GCC_NO_COMMON_BLOCKS = YES;
				GCC_WARN_64_TO_32_BIT_CONVERSION = YES;
				GCC_WARN_ABOUT_RETURN_TYPE = YES_ERROR;
				GCC_WARN_UNDECLARED_SELECTOR = YES;
				GCC_WARN_UNINITIALIZED_AUTOS = YES_AGGRESSIVE;
				GCC_WARN_UNUSED_FUNCTION = YES;
				GCC_WARN_UNUSED_VARIABLE = YES;
				IPHONEOS_DEPLOYMENT_TARGET = 16.2;
				MTL_ENABLE_DEBUG_INFO = NO;
				MTL_FAST_MATH = YES;
				SDKROOT = iphoneos;
				SWIFT_COMPILATION_MODE = wholemodule;
				SWIFT_OPTIMIZATION_LEVEL = "-O";
				VALIDATE_PRODUCT = YES;
			};
			name = Release;
		};
		803FC3AF29FEA9BF00BE53E0 /* Debug */ = {
			isa = XCBuildConfiguration;
			buildSettings = {
				ASSETCATALOG_COMPILER_APPICON_NAME = AppIcon;
				ASSETCATALOG_COMPILER_GLOBAL_ACCENT_COLOR_NAME = AccentColor;
				CODE_SIGN_STYLE = Automatic;
				CURRENT_PROJECT_VERSION = 1;
				DEVELOPMENT_ASSET_PATHS = "\"Learn-SwiftUi-12-H4XOR-News/Preview Content\"";
				ENABLE_PREVIEWS = YES;
				GENERATE_INFOPLIST_FILE = YES;
				INFOPLIST_KEY_UIApplicationSceneManifest_Generation = YES;
				INFOPLIST_KEY_UIApplicationSupportsIndirectInputEvents = YES;
				INFOPLIST_KEY_UILaunchScreen_Generation = YES;
				INFOPLIST_KEY_UISupportedInterfaceOrientations_iPad = "UIInterfaceOrientationPortrait UIInterfaceOrientationPortraitUpsideDown UIInterfaceOrientationLandscapeLeft UIInterfaceOrientationLandscapeRight";
				INFOPLIST_KEY_UISupportedInterfaceOrientations_iPhone = "UIInterfaceOrientationPortrait UIInterfaceOrientationLandscapeLeft UIInterfaceOrientationLandscapeRight";
				LD_RUNPATH_SEARCH_PATHS = (
					"$(inherited)",
					"@executable_path/Frameworks",
				);
				MARKETING_VERSION = 1.0;
				PRODUCT_BUNDLE_IDENTIFIER = "energeek.Learn-SwiftUi-12-H4XOR-News";
				PRODUCT_NAME = "$(TARGET_NAME)";
				SWIFT_EMIT_LOC_STRINGS = YES;
				SWIFT_VERSION = 5.0;
				TARGETED_DEVICE_FAMILY = "1,2";
			};
			name = Debug;
		};
		803FC3B029FEA9BF00BE53E0 /* Release */ = {
			isa = XCBuildConfiguration;
			buildSettings = {
				ASSETCATALOG_COMPILER_APPICON_NAME = AppIcon;
				ASSETCATALOG_COMPILER_GLOBAL_ACCENT_COLOR_NAME = AccentColor;
				CODE_SIGN_STYLE = Automatic;
				CURRENT_PROJECT_VERSION = 1;
				DEVELOPMENT_ASSET_PATHS = "\"Learn-SwiftUi-12-H4XOR-News/Preview Content\"";
				ENABLE_PREVIEWS = YES;
				GENERATE_INFOPLIST_FILE = YES;
				INFOPLIST_KEY_UIApplicationSceneManifest_Generation = YES;
				INFOPLIST_KEY_UIApplicationSupportsIndirectInputEvents = YES;
				INFOPLIST_KEY_UILaunchScreen_Generation = YES;
				INFOPLIST_KEY_UISupportedInterfaceOrientations_iPad = "UIInterfaceOrientationPortrait UIInterfaceOrientationPortraitUpsideDown UIInterfaceOrientationLandscapeLeft UIInterfaceOrientationLandscapeRight";
				INFOPLIST_KEY_UISupportedInterfaceOrientations_iPhone = "UIInterfaceOrientationPortrait UIInterfaceOrientationLandscapeLeft UIInterfaceOrientationLandscapeRight";
				LD_RUNPATH_SEARCH_PATHS = (
					"$(inherited)",
					"@executable_path/Frameworks",
				);
				MARKETING_VERSION = 1.0;
				PRODUCT_BUNDLE_IDENTIFIER = "energeek.Learn-SwiftUi-12-H4XOR-News";
				PRODUCT_NAME = "$(TARGET_NAME)";
				SWIFT_EMIT_LOC_STRINGS = YES;
				SWIFT_VERSION = 5.0;
				TARGETED_DEVICE_FAMILY = "1,2";
			};
			name = Release;
		};
/* End XCBuildConfiguration section */

/* Begin XCConfigurationList section */
		803FC39B29FEA9BC00BE53E0 /* Build configuration list for PBXProject "Learn-SwiftUi-12-H4XOR-News" */ = {
			isa = XCConfigurationList;
			buildConfigurations = (
				803FC3AC29FEA9BF00BE53E0 /* Debug */,
				803FC3AD29FEA9BF00BE53E0 /* Release */,
			);
			defaultConfigurationIsVisible = 0;
			defaultConfigurationName = Release;
		};
		803FC3AE29FEA9BF00BE53E0 /* Build configuration list for PBXNativeTarget "Learn-SwiftUi-12-H4XOR-News" */ = {
			isa = XCConfigurationList;
			buildConfigurations = (
				803FC3AF29FEA9BF00BE53E0 /* Debug */,
				803FC3B029FEA9BF00BE53E0 /* Release */,
			);
			defaultConfigurationIsVisible = 0;
			defaultConfigurationName = Release;
		};
/* End XCConfigurationList section */
	};
	rootObject = 803FC39829FEA9BC00BE53E0 /* Project object */;
}
